{
  "name": "@ixe1/codexel",
  "version": "0.1.2",
  "lockfileVersion": 3,
  "packages": {
    "": {
      "name": "@ixe1/codexel",
      "version": "0.1.2",
      "license": "Apache-2.0",
      "bin": {
        "codexel": "bin/codexel.js"
      },
      "engines": {
        "node": ">=16"
      }
    }
  }
}
