lockfileVersion: '9.0'

settings:
  autoInstallPeers: true
  excludeLinksFromLockfile: false

importers:

  .:
    dependencies:
      '@openai/codex':
        specifier: file:../dist/codex.tgz
        version: file:../dist/codex.tgz

packages:

  '@openai/codex@file:../dist/codex.tgz':
    resolution: {integrity: sha512-Js/jhl5YzhKUB+i2WCxeQtRegjzupTtIU/fThKHy/LY73RDxMYW+PCHQy0Vh36lMdwRwff+8YG7gHwI8lsRMIg==, tarball: file:../dist/codex.tgz}
    version: 0.0.0-dev
    engines: {node: '>=16'}
    hasBin: true

snapshots:

  '@openai/codex@file:../dist/codex.tgz': {}
